
Microsoft Visual Studio Solution File, Format Version 12.00
# Visual Studio Version 17
VisualStudioVersion = 17.10.35122.118
MinimumVisualStudioVersion = 10.0.40219.1
Project("{9A19103F-16F7-4668-BE54-9A1E7A4F7556}") = "GUI_Adtech", "GUI_Adtech\GUI_Adtech.csproj", "{578116AB-7576-411C-80DF-12776E799F3C}"
EndProject
Project("{9A19103F-16F7-4668-BE54-9A1E7A4F7556}") = "GUI_Adtech_V2", "GUI_Adtech_V2\GUI_Adtech_V2.csproj", "{4E2EBA8F-0C51-4723-9E51-56893D82C21F}"
EndProject
Project("{FAE04EC0-301F-11D3-BF4B-00C04F79EFBC}") = "GUI_Adtech_V3", "GUI_Adtech_V3\GUI_Adtech_V3.csproj", "{74BF2347-1CBE-4B67-AC58-89D53EF98352}"
EndProject
Global
	GlobalSection(SolutionConfigurationPlatforms) = preSolution
		Debug|Any CPU = Debug|Any CPU
		Release|Any CPU = Release|Any CPU
	EndGlobalSection
	GlobalSection(ProjectConfigurationPlatforms) = postSolution
		{578116AB-7576-411C-80DF-12776E799F3C}.Debug|Any CPU.ActiveCfg = Debug|Any CPU
		{578116AB-7576-411C-80DF-12776E799F3C}.Debug|Any CPU.Build.0 = Debug|Any CPU
		{578116AB-7576-411C-80DF-12776E799F3C}.Release|Any CPU.ActiveCfg = Release|Any CPU
		{578116AB-7576-411C-80DF-12776E799F3C}.Release|Any CPU.Build.0 = Release|Any CPU
		{4E2EBA8F-0C51-4723-9E51-56893D82C21F}.Debug|Any CPU.ActiveCfg = Debug|Any CPU
		{4E2EBA8F-0C51-4723-9E51-56893D82C21F}.Debug|Any CPU.Build.0 = Debug|Any CPU
		{4E2EBA8F-0C51-4723-9E51-56893D82C21F}.Release|Any CPU.ActiveCfg = Release|Any CPU
		{4E2EBA8F-0C51-4723-9E51-56893D82C21F}.Release|Any CPU.Build.0 = Release|Any CPU
		{74BF2347-1CBE-4B67-AC58-89D53EF98352}.Debug|Any CPU.ActiveCfg = Debug|Any CPU
		{74BF2347-1CBE-4B67-AC58-89D53EF98352}.Debug|Any CPU.Build.0 = Debug|Any CPU
		{74BF2347-1CBE-4B67-AC58-89D53EF98352}.Release|Any CPU.ActiveCfg = Release|Any CPU
		{74BF2347-1CBE-4B67-AC58-89D53EF98352}.Release|Any CPU.Build.0 = Release|Any CPU
	EndGlobalSection
	GlobalSection(SolutionProperties) = preSolution
		HideSolutionNode = FALSE
	EndGlobalSection
	GlobalSection(ExtensibilityGlobals) = postSolution
		SolutionGuid = {3075189A-F16B-49CC-96E3-45F7D40A4AE2}
	EndGlobalSection
EndGlobal
